
Microsoft Visual Studio Solution File, Format Version 12.00
# Visual Studio Version 16
VisualStudioVersion = 16.0.29709.97
MinimumVisualStudioVersion = 10.0.40219.1
Project("{FAE04EC0-301F-11D3-BF4B-00C04F79EFBC}") = "ContosoUniversity", "ContosoUniversity.csproj", "{091AF736-7660-44B1-8D4B-942F07642461}"
EndProject
Global
	GlobalSection(SolutionConfigurationPlatforms) = preSolution
		Debug|Any CPU = Debug|Any CPU
		Release|Any CPU = Release|Any CPU
	EndGlobalSection
	GlobalSection(ProjectConfigurationPlatforms) = postSolution
		{091AF736-7660-44B1-8D4B-942F07642461}.Debug|Any CPU.ActiveCfg = Debug|Any CPU
		{091AF736-7660-44B1-8D4B-942F07642461}.Debug|Any CPU.Build.0 = Debug|Any CPU
		{091AF736-7660-44B1-8D4B-942F07642461}.Release|Any CPU.ActiveCfg = Release|Any CPU
		{091AF736-7660-44B1-8D4B-942F07642461}.Release|Any CPU.Build.0 = Release|Any CPU
	EndGlobalSection
	GlobalSection(SolutionProperties) = preSolution
		HideSolutionNode = FALSE
	EndGlobalSection
	GlobalSection(ExtensibilityGlobals) = postSolution
		SolutionGuid = {34227486-B287-422B-AC12-E5489B9FD0D6}
	EndGlobalSection
EndGlobal
